# This file is automatically @generated by Cargo.
# It is not intended for manual editing.
version = 4

[[package]]
name = "caravan-domain"
version = "0.1.0"

[[package]]
name = "caravan-vegetation"
version = "0.1.0"
dependencies = [
 "caravan-domain",
 "engine-index",
 "engine-time",
]

[[package]]
name = "engine-index"
version = "0.1.0"
dependencies = [
 "caravan-domain",
 "engine-journal",
 "engine-sdk",
 "engine-time",
]

[[package]]
name = "engine-journal"
version = "0.1.0"
dependencies = [
 "caravan-domain",
 "engine-sdk",
 "engine-time",
]

[[package]]
name = "engine-sdk"
version = "0.1.0"
dependencies = [
 "engine-time",
]

[[package]]
name = "engine-time"
version = "0.1.0"
